
Microsoft Visual Studio Solution File, Format Version 12.00
# Visual Studio Version 16
VisualStudioVersion = 16.0.30225.117
MinimumVisualStudioVersion = 10.0.40219.1
Project("{9A19103F-16F7-4668-BE54-9A1E7A4F7556}") = "Design.Pattern", "Design.Pattern\Design.Pattern.csproj", "{04E11226-E124-4280-9607-A8D9DF2DADC4}"
EndProject
Project("{FAE04EC0-301F-11D3-BF4B-00C04F79EFBC}") = "Design.Pattern.Test", "Design.Pattern.Test\Design.Pattern.Test.csproj", "{824AC580-46A9-4180-9F9D-BD0C33D145E6}"
EndProject
Global
	GlobalSection(SolutionConfigurationPlatforms) = preSolution
		Debug|Any CPU = Debug|Any CPU
		Release|Any CPU = Release|Any CPU
	EndGlobalSection
	GlobalSection(ProjectConfigurationPlatforms) = postSolution
		{04E11226-E124-4280-9607-A8D9DF2DADC4}.Debug|Any CPU.ActiveCfg = Debug|Any CPU
		{04E11226-E124-4280-9607-A8D9DF2DADC4}.Debug|Any CPU.Build.0 = Debug|Any CPU
		{04E11226-E124-4280-9607-A8D9DF2DADC4}.Release|Any CPU.ActiveCfg = Release|Any CPU
		{04E11226-E124-4280-9607-A8D9DF2DADC4}.Release|Any CPU.Build.0 = Release|Any CPU
		{824AC580-46A9-4180-9F9D-BD0C33D145E6}.Debug|Any CPU.ActiveCfg = Debug|Any CPU
		{824AC580-46A9-4180-9F9D-BD0C33D145E6}.Debug|Any CPU.Build.0 = Debug|Any CPU
		{824AC580-46A9-4180-9F9D-BD0C33D145E6}.Release|Any CPU.ActiveCfg = Release|Any CPU
		{824AC580-46A9-4180-9F9D-BD0C33D145E6}.Release|Any CPU.Build.0 = Release|Any CPU
	EndGlobalSection
	GlobalSection(SolutionProperties) = preSolution
		HideSolutionNode = FALSE
	EndGlobalSection
	GlobalSection(ExtensibilityGlobals) = postSolution
		SolutionGuid = {D14F5566-BA56-4C4D-BD9A-CFB41258A226}
	EndGlobalSection
EndGlobal
